
Microsoft Visual Studio Solution File, Format Version 12.00
# Visual Studio Version 16
VisualStudioVersion = 16.0.28917.181
MinimumVisualStudioVersion = 10.0.40219.1
Project("{FAE04EC0-301F-11D3-BF4B-00C04F79EFBC}") = "Hard-6_16", "Hard-6_16\Hard-6_16.csproj", "{C762DC6A-26F2-43E1-A418-E3E16FD6D4FD}"
EndProject
Global
	GlobalSection(SolutionConfigurationPlatforms) = preSolution
		Debug|Any CPU = Debug|Any CPU
		Release|Any CPU = Release|Any CPU
	EndGlobalSection
	GlobalSection(ProjectConfigurationPlatforms) = postSolution
		{C762DC6A-26F2-43E1-A418-E3E16FD6D4FD}.Debug|Any CPU.ActiveCfg = Debug|Any CPU
		{C762DC6A-26F2-43E1-A418-E3E16FD6D4FD}.Debug|Any CPU.Build.0 = Debug|Any CPU
		{C762DC6A-26F2-43E1-A418-E3E16FD6D4FD}.Release|Any CPU.ActiveCfg = Release|Any CPU
		{C762DC6A-26F2-43E1-A418-E3E16FD6D4FD}.Release|Any CPU.Build.0 = Release|Any CPU
	EndGlobalSection
	GlobalSection(SolutionProperties) = preSolution
		HideSolutionNode = FALSE
	EndGlobalSection
	GlobalSection(ExtensibilityGlobals) = postSolution
		SolutionGuid = {1BEFAB27-8C92-4570-A8D3-B91402740010}
	EndGlobalSection
EndGlobal
